
Microsoft Visual Studio Solution File, Format Version 12.00
# Visual Studio Version 16
VisualStudioVersion = 16.0.29123.88
MinimumVisualStudioVersion = 10.0.40219.1
Project("{FAE04EC0-301F-11D3-BF4B-00C04F79EFBC}") = "FDCAPP.UWP", "FDCAPP\FDCAPP.UWP\FDCAPP.UWP.csproj", "{EF0C1380-ADF7-49CB-95BA-27CB25A800E4}"
EndProject
Project("{FAE04EC0-301F-11D3-BF4B-00C04F79EFBC}") = "FDCAPP.Android", "FDCAPP\FDCAPP.Android\FDCAPP.Android.csproj", "{65978BDC-85BB-441E-A24B-A75356F0D8E6}"
EndProject
Project("{FAE04EC0-301F-11D3-BF4B-00C04F79EFBC}") = "FDCAPP.iOS", "FDCAPP\FDCAPP.iOS\FDCAPP.iOS.csproj", "{FB85970F-611A-460A-A056-8E324963D98E}"
EndProject
Project("{FAE04EC0-301F-11D3-BF4B-00C04F79EFBC}") = "FDCAPP", "FDCAPP\FDCAPP\FDCAPP.csproj", "{5705B612-A0B2-46E1-A129-14BA7FE306AF}"
EndProject
Global
	GlobalSection(SolutionConfigurationPlatforms) = preSolution
		Debug|Any CPU = Debug|Any CPU
		Debug|ARM = Debug|ARM
		Debug|iPhone = Debug|iPhone
		Debug|iPhoneSimulator = Debug|iPhoneSimulator
		Debug|x64 = Debug|x64
		Debug|x86 = Debug|x86
		Release|Any CPU = Release|Any CPU
		Release|ARM = Release|ARM
		Release|iPhone = Release|iPhone
		Release|iPhoneSimulator = Release|iPhoneSimulator
		Release|x64 = Release|x64
		Release|x86 = Release|x86
	EndGlobalSection
	GlobalSection(ProjectConfigurationPlatforms) = postSolution
		{EF0C1380-ADF7-49CB-95BA-27CB25A800E4}.Debug|Any CPU.ActiveCfg = Debug|x86
		{EF0C1380-ADF7-49CB-95BA-27CB25A800E4}.Debug|Any CPU.Build.0 = Debug|x86
		{EF0C1380-ADF7-49CB-95BA-27CB25A800E4}.Debug|Any CPU.Deploy.0 = Debug|x86
		{EF0C1380-ADF7-49CB-95BA-27CB25A800E4}.Debug|ARM.ActiveCfg = Debug|ARM
		{EF0C1380-ADF7-49CB-95BA-27CB25A800E4}.Debug|ARM.Build.0 = Debug|ARM
		{EF0C1380-ADF7-49CB-95BA-27CB25A800E4}.Debug|ARM.Deploy.0 = Debug|ARM
		{EF0C1380-ADF7-49CB-95BA-27CB25A800E4}.Debug|iPhone.ActiveCfg = Debug|x86
		{EF0C1380-ADF7-49CB-95BA-27CB25A800E4}.Debug|iPhone.Build.0 = Debug|x86
		{EF0C1380-ADF7-49CB-95BA-27CB25A800E4}.Debug|iPhone.Deploy.0 = Debug|x86
		{EF0C1380-ADF7-49CB-95BA-27CB25A800E4}.Debug|iPhoneSimulator.ActiveCfg = Debug|x86
		{EF0C1380-ADF7-49CB-95BA-27CB25A800E4}.Debug|iPhoneSimulator.Build.0 = Debug|x86
		{EF0C1380-ADF7-49CB-95BA-27CB25A800E4}.Debug|iPhoneSimulator.Deploy.0 = Debug|x86
		{EF0C1380-ADF7-49CB-95BA-27CB25A800E4}.Debug|x64.ActiveCfg = Debug|x64
		{EF0C1380-ADF7-49CB-95BA-27CB25A800E4}.Debug|x64.Build.0 = Debug|x64
		{EF0C1380-ADF7-49CB-95BA-27CB25A800E4}.Debug|x64.Deploy.0 = Debug|x64
		{EF0C1380-ADF7-49CB-95BA-27CB25A800E4}.Debug|x86.ActiveCfg = Debug|x86
		{EF0C1380-ADF7-49CB-95BA-27CB25A800E4}.Debug|x86.Build.0 = Debug|x86
		{EF0C1380-ADF7-49CB-95BA-27CB25A800E4}.Debug|x86.Deploy.0 = Debug|x86
		{EF0C1380-ADF7-49CB-95BA-27CB25A800E4}.Release|Any CPU.ActiveCfg = Release|x86
		{EF0C1380-ADF7-49CB-95BA-27CB25A800E4}.Release|Any CPU.Build.0 = Release|x86
		{EF0C1380-ADF7-49CB-95BA-27CB25A800E4}.Release|Any CPU.Deploy.0 = Release|x86
		{EF0C1380-ADF7-49CB-95BA-27CB25A800E4}.Release|ARM.ActiveCfg = Release|ARM
		{EF0C1380-ADF7-49CB-95BA-27CB25A800E4}.Release|ARM.Build.0 = Release|ARM
		{EF0C1380-ADF7-49CB-95BA-27CB25A800E4}.Release|ARM.Deploy.0 = Release|ARM
		{EF0C1380-ADF7-49CB-95BA-27CB25A800E4}.Release|iPhone.ActiveCfg = Release|x86
		{EF0C1380-ADF7-49CB-95BA-27CB25A800E4}.Release|iPhone.Build.0 = Release|x86
		{EF0C1380-ADF7-49CB-95BA-27CB25A800E4}.Release|iPhone.Deploy.0 = Release|x86
		{EF0C1380-ADF7-49CB-95BA-27CB25A800E4}.Release|iPhoneSimulator.ActiveCfg = Release|x86
		{EF0C1380-ADF7-49CB-95BA-27CB25A800E4}.Release|iPhoneSimulator.Build.0 = Release|x86
		{EF0C1380-ADF7-49CB-95BA-27CB25A800E4}.Release|iPhoneSimulator.Deploy.0 = Release|x86
		{EF0C1380-ADF7-49CB-95BA-27CB25A800E4}.Release|x64.ActiveCfg = Release|x64
		{EF0C1380-ADF7-49CB-95BA-27CB25A800E4}.Release|x64.Build.0 = Release|x64
		{EF0C1380-ADF7-49CB-95BA-27CB25A800E4}.Release|x64.Deploy.0 = Release|x64
		{EF0C1380-ADF7-49CB-95BA-27CB25A800E4}.Release|x86.ActiveCfg = Release|x86
		{EF0C1380-ADF7-49CB-95BA-27CB25A800E4}.Release|x86.Build.0 = Release|x86
		{EF0C1380-ADF7-49CB-95BA-27CB25A800E4}.Release|x86.Deploy.0 = Release|x86
		{65978BDC-85BB-441E-A24B-A75356F0D8E6}.Debug|Any CPU.ActiveCfg = Debug|Any CPU
		{65978BDC-85BB-441E-A24B-A75356F0D8E6}.Debug|Any CPU.Build.0 = Debug|Any CPU
		{65978BDC-85BB-441E-A24B-A75356F0D8E6}.Debug|Any CPU.Deploy.0 = Debug|Any CPU
		{65978BDC-85BB-441E-A24B-A75356F0D8E6}.Debug|ARM.ActiveCfg = Debug|Any CPU
		{65978BDC-85BB-441E-A24B-A75356F0D8E6}.Debug|ARM.Build.0 = Debug|Any CPU
		{65978BDC-85BB-441E-A24B-A75356F0D8E6}.Debug|ARM.Deploy.0 = Debug|Any CPU
		{65978BDC-85BB-441E-A24B-A75356F0D8E6}.Debug|iPhone.ActiveCfg = Debug|Any CPU
		{65978BDC-85BB-441E-A24B-A75356F0D8E6}.Debug|iPhone.Build.0 = Debug|Any CPU
		{65978BDC-85BB-441E-A24B-A75356F0D8E6}.Debug|iPhone.Deploy.0 = Debug|Any CPU
		{65978BDC-85BB-441E-A24B-A75356F0D8E6}.Debug|iPhoneSimulator.ActiveCfg = Debug|Any CPU
		{65978BDC-85BB-441E-A24B-A75356F0D8E6}.Debug|iPhoneSimulator.Build.0 = Debug|Any CPU
		{65978BDC-85BB-441E-A24B-A75356F0D8E6}.Debug|iPhoneSimulator.Deploy.0 = Debug|Any CPU
		{65978BDC-85BB-441E-A24B-A75356F0D8E6}.Debug|x64.ActiveCfg = Debug|Any CPU
		{65978BDC-85BB-441E-A24B-A75356F0D8E6}.Debug|x64.Build.0 = Debug|Any CPU
		{65978BDC-85BB-441E-A24B-A75356F0D8E6}.Debug|x64.Deploy.0 = Debug|Any CPU
		{65978BDC-85BB-441E-A24B-A75356F0D8E6}.Debug|x86.ActiveCfg = Debug|Any CPU
		{65978BDC-85BB-441E-A24B-A75356F0D8E6}.Debug|x86.Build.0 = Debug|Any CPU
		{65978BDC-85BB-441E-A24B-A75356F0D8E6}.Debug|x86.Deploy.0 = Debug|Any CPU
		{65978BDC-85BB-441E-A24B-A75356F0D8E6}.Release|Any CPU.ActiveCfg = Release|Any CPU
		{65978BDC-85BB-441E-A24B-A75356F0D8E6}.Release|Any CPU.Build.0 = Release|Any CPU
		{65978BDC-85BB-441E-A24B-A75356F0D8E6}.Release|Any CPU.Deploy.0 = Release|Any CPU
		{65978BDC-85BB-441E-A24B-A75356F0D8E6}.Release|ARM.ActiveCfg = Release|Any CPU
		{65978BDC-85BB-441E-A24B-A75356F0D8E6}.Release|ARM.Build.0 = Release|Any CPU
		{65978BDC-85BB-441E-A24B-A75356F0D8E6}.Release|ARM.Deploy.0 = Release|Any CPU
		{65978BDC-85BB-441E-A24B-A75356F0D8E6}.Release|iPhone.ActiveCfg = Release|Any CPU
		{65978BDC-85BB-441E-A24B-A75356F0D8E6}.Release|iPhone.Build.0 = Release|Any CPU
		{65978BDC-85BB-441E-A24B-A75356F0D8E6}.Release|iPhone.Deploy.0 = Release|Any CPU
		{65978BDC-85BB-441E-A24B-A75356F0D8E6}.Release|iPhoneSimulator.ActiveCfg = Release|Any CPU
		{65978BDC-85BB-441E-A24B-A75356F0D8E6}.Release|iPhoneSimulator.Build.0 = Release|Any CPU
		{65978BDC-85BB-441E-A24B-A75356F0D8E6}.Release|iPhoneSimulator.Deploy.0 = Release|Any CPU
		{65978BDC-85BB-441E-A24B-A75356F0D8E6}.Release|x64.ActiveCfg = Release|Any CPU
		{65978BDC-85BB-441E-A24B-A75356F0D8E6}.Release|x64.Build.0 = Release|Any CPU
		{65978BDC-85BB-441E-A24B-A75356F0D8E6}.Release|x64.Deploy.0 = Release|Any CPU
		{65978BDC-85BB-441E-A24B-A75356F0D8E6}.Release|x86.ActiveCfg = Release|Any CPU
		{65978BDC-85BB-441E-A24B-A75356F0D8E6}.Release|x86.Build.0 = Release|Any CPU
		{65978BDC-85BB-441E-A24B-A75356F0D8E6}.Release|x86.Deploy.0 = Release|Any CPU
		{FB85970F-611A-460A-A056-8E324963D98E}.Debug|Any CPU.ActiveCfg = Debug|iPhone
		{FB85970F-611A-460A-A056-8E324963D98E}.Debug|Any CPU.Build.0 = Debug|iPhone
		{FB85970F-611A-460A-A056-8E324963D98E}.Debug|Any CPU.Deploy.0 = Debug|iPhone
		{FB85970F-611A-460A-A056-8E324963D98E}.Debug|ARM.ActiveCfg = Debug|iPhoneSimulator
		{FB85970F-611A-460A-A056-8E324963D98E}.Debug|ARM.Build.0 = Debug|iPhoneSimulator
		{FB85970F-611A-460A-A056-8E324963D98E}.Debug|ARM.Deploy.0 = Debug|iPhoneSimulator
		{FB85970F-611A-460A-A056-8E324963D98E}.Debug|iPhone.ActiveCfg = Debug|iPhone
		{FB85970F-611A-460A-A056-8E324963D98E}.Debug|iPhone.Build.0 = Debug|iPhone
		{FB85970F-611A-460A-A056-8E324963D98E}.Debug|iPhone.Deploy.0 = Debug|iPhone
		{FB85970F-611A-460A-A056-8E324963D98E}.Debug|iPhoneSimulator.ActiveCfg = Debug|iPhoneSimulator
		{FB85970F-611A-460A-A056-8E324963D98E}.Debug|iPhoneSimulator.Build.0 = Debug|iPhoneSimulator
		{FB85970F-611A-460A-A056-8E324963D98E}.Debug|iPhoneSimulator.Deploy.0 = Debug|iPhoneSimulator
		{FB85970F-611A-460A-A056-8E324963D98E}.Debug|x64.ActiveCfg = Debug|iPhone
		{FB85970F-611A-460A-A056-8E324963D98E}.Debug|x64.Build.0 = Debug|iPhone
		{FB85970F-611A-460A-A056-8E324963D98E}.Debug|x64.Deploy.0 = Debug|iPhone
		{FB85970F-611A-460A-A056-8E324963D98E}.Debug|x86.ActiveCfg = Debug|iPhone
		{FB85970F-611A-460A-A056-8E324963D98E}.Debug|x86.Build.0 = Debug|iPhone
		{FB85970F-611A-460A-A056-8E324963D98E}.Debug|x86.Deploy.0 = Debug|iPhone
		{FB85970F-611A-460A-A056-8E324963D98E}.Release|Any CPU.ActiveCfg = Release|iPhone
		{FB85970F-611A-460A-A056-8E324963D98E}.Release|Any CPU.Build.0 = Release|iPhone
		{FB85970F-611A-460A-A056-8E324963D98E}.Release|Any CPU.Deploy.0 = Release|iPhone
		{FB85970F-611A-460A-A056-8E324963D98E}.Release|ARM.ActiveCfg = Release|iPhone
		{FB85970F-611A-460A-A056-8E324963D98E}.Release|ARM.Build.0 = Release|iPhone
		{FB85970F-611A-460A-A056-8E324963D98E}.Release|ARM.Deploy.0 = Release|iPhone
		{FB85970F-611A-460A-A056-8E324963D98E}.Release|iPhone.ActiveCfg = Release|iPhone
		{FB85970F-611A-460A-A056-8E324963D98E}.Release|iPhone.Build.0 = Release|iPhone
		{FB85970F-611A-460A-A056-8E324963D98E}.Release|iPhone.Deploy.0 = Release|iPhone
		{FB85970F-611A-460A-A056-8E324963D98E}.Release|iPhoneSimulator.ActiveCfg = Release|iPhoneSimulator
		{FB85970F-611A-460A-A056-8E324963D98E}.Release|iPhoneSimulator.Build.0 = Release|iPhoneSimulator
		{FB85970F-611A-460A-A056-8E324963D98E}.Release|iPhoneSimulator.Deploy.0 = Release|iPhoneSimulator
		{FB85970F-611A-460A-A056-8E324963D98E}.Release|x64.ActiveCfg = Release|iPhone
		{FB85970F-611A-460A-A056-8E324963D98E}.Release|x64.Build.0 = Release|iPhone
		{FB85970F-611A-460A-A056-8E324963D98E}.Release|x64.Deploy.0 = Release|iPhone
		{FB85970F-611A-460A-A056-8E324963D98E}.Release|x86.ActiveCfg = Release|iPhone
		{FB85970F-611A-460A-A056-8E324963D98E}.Release|x86.Build.0 = Release|iPhone
		{FB85970F-611A-460A-A056-8E324963D98E}.Release|x86.Deploy.0 = Release|iPhone
		{5705B612-A0B2-46E1-A129-14BA7FE306AF}.Debug|Any CPU.ActiveCfg = Debug|Any CPU
		{5705B612-A0B2-46E1-A129-14BA7FE306AF}.Debug|Any CPU.Build.0 = Debug|Any CPU
		{5705B612-A0B2-46E1-A129-14BA7FE306AF}.Debug|Any CPU.Deploy.0 = Debug|Any CPU
		{5705B612-A0B2-46E1-A129-14BA7FE306AF}.Debug|ARM.ActiveCfg = Debug|Any CPU
		{5705B612-A0B2-46E1-A129-14BA7FE306AF}.Debug|ARM.Build.0 = Debug|Any CPU
		{5705B612-A0B2-46E1-A129-14BA7FE306AF}.Debug|ARM.Deploy.0 = Debug|Any CPU
		{5705B612-A0B2-46E1-A129-14BA7FE306AF}.Debug|iPhone.ActiveCfg = Debug|Any CPU
		{5705B612-A0B2-46E1-A129-14BA7FE306AF}.Debug|iPhone.Build.0 = Debug|Any CPU
		{5705B612-A0B2-46E1-A129-14BA7FE306AF}.Debug|iPhone.Deploy.0 = Debug|Any CPU
		{5705B612-A0B2-46E1-A129-14BA7FE306AF}.Debug|iPhoneSimulator.ActiveCfg = Debug|Any CPU
		{5705B612-A0B2-46E1-A129-14BA7FE306AF}.Debug|iPhoneSimulator.Build.0 = Debug|Any CPU
		{5705B612-A0B2-46E1-A129-14BA7FE306AF}.Debug|iPhoneSimulator.Deploy.0 = Debug|Any CPU
		{5705B612-A0B2-46E1-A129-14BA7FE306AF}.Debug|x64.ActiveCfg = Debug|Any CPU
		{5705B612-A0B2-46E1-A129-14BA7FE306AF}.Debug|x64.Build.0 = Debug|Any CPU
		{5705B612-A0B2-46E1-A129-14BA7FE306AF}.Debug|x64.Deploy.0 = Debug|Any CPU
		{5705B612-A0B2-46E1-A129-14BA7FE306AF}.Debug|x86.ActiveCfg = Debug|Any CPU
		{5705B612-A0B2-46E1-A129-14BA7FE306AF}.Debug|x86.Build.0 = Debug|Any CPU
		{5705B612-A0B2-46E1-A129-14BA7FE306AF}.Debug|x86.Deploy.0 = Debug|Any CPU
		{5705B612-A0B2-46E1-A129-14BA7FE306AF}.Release|Any CPU.ActiveCfg = Release|Any CPU
		{5705B612-A0B2-46E1-A129-14BA7FE306AF}.Release|Any CPU.Build.0 = Release|Any CPU
		{5705B612-A0B2-46E1-A129-14BA7FE306AF}.Release|Any CPU.Deploy.0 = Release|Any CPU
		{5705B612-A0B2-46E1-A129-14BA7FE306AF}.Release|ARM.ActiveCfg = Release|Any CPU
		{5705B612-A0B2-46E1-A129-14BA7FE306AF}.Release|ARM.Build.0 = Release|Any CPU
		{5705B612-A0B2-46E1-A129-14BA7FE306AF}.Release|ARM.Deploy.0 = Release|Any CPU
		{5705B612-A0B2-46E1-A129-14BA7FE306AF}.Release|iPhone.ActiveCfg = Release|Any CPU
		{5705B612-A0B2-46E1-A129-14BA7FE306AF}.Release|iPhone.Build.0 = Release|Any CPU
		{5705B612-A0B2-46E1-A129-14BA7FE306AF}.Release|iPhone.Deploy.0 = Release|Any CPU
		{5705B612-A0B2-46E1-A129-14BA7FE306AF}.Release|iPhoneSimulator.ActiveCfg = Release|Any CPU
		{5705B612-A0B2-46E1-A129-14BA7FE306AF}.Release|iPhoneSimulator.Build.0 = Release|Any CPU
		{5705B612-A0B2-46E1-A129-14BA7FE306AF}.Release|iPhoneSimulator.Deploy.0 = Release|Any CPU
		{5705B612-A0B2-46E1-A129-14BA7FE306AF}.Release|x64.ActiveCfg = Release|Any CPU
		{5705B612-A0B2-46E1-A129-14BA7FE306AF}.Release|x64.Build.0 = Release|Any CPU
		{5705B612-A0B2-46E1-A129-14BA7FE306AF}.Release|x64.Deploy.0 = Release|Any CPU
		{5705B612-A0B2-46E1-A129-14BA7FE306AF}.Release|x86.ActiveCfg = Release|Any CPU
		{5705B612-A0B2-46E1-A129-14BA7FE306AF}.Release|x86.Build.0 = Release|Any CPU
		{5705B612-A0B2-46E1-A129-14BA7FE306AF}.Release|x86.Deploy.0 = Release|Any CPU
	EndGlobalSection
	GlobalSection(SolutionProperties) = preSolution
		HideSolutionNode = FALSE
	EndGlobalSection
	GlobalSection(ExtensibilityGlobals) = postSolution
		SolutionGuid = {FE508442-C4E5-4E54-825F-B2D65C7E3E0A}
	EndGlobalSection
EndGlobal
